
Microsoft Visual Studio Solution File, Format Version 12.00
# Visual Studio Version 17
VisualStudioVersion = 17.12.35209.166
MinimumVisualStudioVersion = 10.0.40219.1
Project("{FAE04EC0-301F-11D3-BF4B-00C04F79EFBC}") = "App.Repositories", "Repositories\App.Repositories.csproj", "{073E347F-BDCD-4BF8-9D5B-9CED472A31D1}"
EndProject
Project("{FAE04EC0-301F-11D3-BF4B-00C04F79EFBC}") = "App.Services", "Services\App.Services.csproj", "{90C32719-133F-4DC0-B094-CB1F0FFF6C03}"
EndProject
Project("{FAE04EC0-301F-11D3-BF4B-00C04F79EFBC}") = "App.Api", "App.Api\App.Api.csproj", "{E5AF72D2-638C-4D0A-9CB9-3B6788959C5B}"
EndProject
Project("{2150E333-8FDC-42A3-9474-1A3956D46DE8}") = "NLayer", "NLayer", "{052EDB22-93A4-4EC9-957E-0AC632F3129B}"
EndProject
Project("{2150E333-8FDC-42A3-9474-1A3956D46DE8}") = "CleanArchitecture", "CleanArchitecture", "{53A4DDEF-8018-4D81-B8B5-CEE717726063}"
EndProject
Project("{2150E333-8FDC-42A3-9474-1A3956D46DE8}") = "src", "src", "{E9055F6C-DEFF-4551-9623-7C6D46EC10AB}"
EndProject
Project("{2150E333-8FDC-42A3-9474-1A3956D46DE8}") = "test", "test", "{1B079E8C-5B30-4E6A-B6E3-E337AFC5F80C}"
EndProject
Project("{2150E333-8FDC-42A3-9474-1A3956D46DE8}") = "Core", "Core", "{3B67E600-1701-4C8D-9DB6-70C024B28556}"
EndProject
Project("{2150E333-8FDC-42A3-9474-1A3956D46DE8}") = "Infrastructure", "Infrastructure", "{2F71F946-AE2D-4F6F-901B-77FF88C38528}"
EndProject
Project("{FAE04EC0-301F-11D3-BF4B-00C04F79EFBC}") = "App.Persistence", "App.Persistence\App.Persistence.csproj", "{B9BD77AF-7E22-4168-8A05-E5CF9C3D0073}"
EndProject
Project("{2150E333-8FDC-42A3-9474-1A3956D46DE8}") = "Presentation", "Presentation", "{D7DB39D8-FF7E-48B3-815C-14661B50E2F3}"
EndProject
Project("{FAE04EC0-301F-11D3-BF4B-00C04F79EFBC}") = "App.API", "..\..\NetCoreApiWebNLayerCleanArchitectureBestPractices\CleanArchitecture\src\Presentation\App.API\App.API.csproj", "{6966EF03-AE80-431B-9A45-8DEAC6F059A4}"
EndProject
Global
	GlobalSection(SolutionConfigurationPlatforms) = preSolution
		Debug|Any CPU = Debug|Any CPU
		Release|Any CPU = Release|Any CPU
	EndGlobalSection
	GlobalSection(ProjectConfigurationPlatforms) = postSolution
		{073E347F-BDCD-4BF8-9D5B-9CED472A31D1}.Debug|Any CPU.ActiveCfg = Debug|Any CPU
		{073E347F-BDCD-4BF8-9D5B-9CED472A31D1}.Debug|Any CPU.Build.0 = Debug|Any CPU
		{073E347F-BDCD-4BF8-9D5B-9CED472A31D1}.Release|Any CPU.ActiveCfg = Release|Any CPU
		{073E347F-BDCD-4BF8-9D5B-9CED472A31D1}.Release|Any CPU.Build.0 = Release|Any CPU
		{90C32719-133F-4DC0-B094-CB1F0FFF6C03}.Debug|Any CPU.ActiveCfg = Debug|Any CPU
		{90C32719-133F-4DC0-B094-CB1F0FFF6C03}.Debug|Any CPU.Build.0 = Debug|Any CPU
		{90C32719-133F-4DC0-B094-CB1F0FFF6C03}.Release|Any CPU.ActiveCfg = Release|Any CPU
		{90C32719-133F-4DC0-B094-CB1F0FFF6C03}.Release|Any CPU.Build.0 = Release|Any CPU
		{E5AF72D2-638C-4D0A-9CB9-3B6788959C5B}.Debug|Any CPU.ActiveCfg = Debug|Any CPU
		{E5AF72D2-638C-4D0A-9CB9-3B6788959C5B}.Debug|Any CPU.Build.0 = Debug|Any CPU
		{E5AF72D2-638C-4D0A-9CB9-3B6788959C5B}.Release|Any CPU.ActiveCfg = Release|Any CPU
		{E5AF72D2-638C-4D0A-9CB9-3B6788959C5B}.Release|Any CPU.Build.0 = Release|Any CPU
		{B9BD77AF-7E22-4168-8A05-E5CF9C3D0073}.Debug|Any CPU.ActiveCfg = Debug|Any CPU
		{B9BD77AF-7E22-4168-8A05-E5CF9C3D0073}.Debug|Any CPU.Build.0 = Debug|Any CPU
		{B9BD77AF-7E22-4168-8A05-E5CF9C3D0073}.Release|Any CPU.ActiveCfg = Release|Any CPU
		{B9BD77AF-7E22-4168-8A05-E5CF9C3D0073}.Release|Any CPU.Build.0 = Release|Any CPU
		{6966EF03-AE80-431B-9A45-8DEAC6F059A4}.Debug|Any CPU.ActiveCfg = Debug|Any CPU
		{6966EF03-AE80-431B-9A45-8DEAC6F059A4}.Debug|Any CPU.Build.0 = Debug|Any CPU
		{6966EF03-AE80-431B-9A45-8DEAC6F059A4}.Release|Any CPU.ActiveCfg = Release|Any CPU
		{6966EF03-AE80-431B-9A45-8DEAC6F059A4}.Release|Any CPU.Build.0 = Release|Any CPU
	EndGlobalSection
	GlobalSection(SolutionProperties) = preSolution
		HideSolutionNode = FALSE
	EndGlobalSection
	GlobalSection(NestedProjects) = preSolution
		{073E347F-BDCD-4BF8-9D5B-9CED472A31D1} = {052EDB22-93A4-4EC9-957E-0AC632F3129B}
		{90C32719-133F-4DC0-B094-CB1F0FFF6C03} = {052EDB22-93A4-4EC9-957E-0AC632F3129B}
		{E5AF72D2-638C-4D0A-9CB9-3B6788959C5B} = {052EDB22-93A4-4EC9-957E-0AC632F3129B}
		{E9055F6C-DEFF-4551-9623-7C6D46EC10AB} = {53A4DDEF-8018-4D81-B8B5-CEE717726063}
		{1B079E8C-5B30-4E6A-B6E3-E337AFC5F80C} = {53A4DDEF-8018-4D81-B8B5-CEE717726063}
		{3B67E600-1701-4C8D-9DB6-70C024B28556} = {E9055F6C-DEFF-4551-9623-7C6D46EC10AB}
		{2F71F946-AE2D-4F6F-901B-77FF88C38528} = {E9055F6C-DEFF-4551-9623-7C6D46EC10AB}
		{B9BD77AF-7E22-4168-8A05-E5CF9C3D0073} = {2F71F946-AE2D-4F6F-901B-77FF88C38528}
		{D7DB39D8-FF7E-48B3-815C-14661B50E2F3} = {E9055F6C-DEFF-4551-9623-7C6D46EC10AB}
		{6966EF03-AE80-431B-9A45-8DEAC6F059A4} = {D7DB39D8-FF7E-48B3-815C-14661B50E2F3}
	EndGlobalSection
	GlobalSection(ExtensibilityGlobals) = postSolution
		SolutionGuid = {33F16D9F-CB1A-4D39-BB98-1AE617556E6D}
	EndGlobalSection
EndGlobal
